
Microsoft Visual Studio Solution File, Format Version 12.00
# Visual Studio 15
VisualStudioVersion = 15.0.27130.2010
MinimumVisualStudioVersion = 10.0.40219.1
Project("{9A19103F-16F7-4668-BE54-9A1E7A4F7556}") = "RestaurantFrontEnd", "RestaurantFrontEnd.csproj", "{618A27F3-ACBF-4463-A0D1-6CA3EB475B12}"
EndProject
Global
	GlobalSection(SolutionConfigurationPlatforms) = preSolution
		Debug|Any CPU = Debug|Any CPU
		Release|Any CPU = Release|Any CPU
	EndGlobalSection
	GlobalSection(ProjectConfigurationPlatforms) = postSolution
		{618A27F3-ACBF-4463-A0D1-6CA3EB475B12}.Debug|Any CPU.ActiveCfg = Debug|Any CPU
		{618A27F3-ACBF-4463-A0D1-6CA3EB475B12}.Debug|Any CPU.Build.0 = Debug|Any CPU
		{618A27F3-ACBF-4463-A0D1-6CA3EB475B12}.Release|Any CPU.ActiveCfg = Release|Any CPU
		{618A27F3-ACBF-4463-A0D1-6CA3EB475B12}.Release|Any CPU.Build.0 = Release|Any CPU
	EndGlobalSection
	GlobalSection(SolutionProperties) = preSolution
		HideSolutionNode = FALSE
	EndGlobalSection
	GlobalSection(ExtensibilityGlobals) = postSolution
		SolutionGuid = {2B3CCAC4-731C-4DE4-9409-A12150E0B086}
	EndGlobalSection
EndGlobal
